// !$*UTF8*$!
{
	archiveVersion = 1;
	classes = {
	};
	objectVersion = 56;
	objects = {

/* Begin PBXBuildFile section */
		64E329552B2807D6004DF6CE /* swiftui_extensionsApp.swift in Sources */ = {isa = PBXBuildFile; fileRef = 64E329542B2807D6004DF6CE /* swiftui_extensionsApp.swift */; };
		64E329572B2807D6004DF6CE /* ContentView.swift in Sources */ = {isa = PBXBuildFile; fileRef = 64E329562B2807D6004DF6CE /* ContentView.swift */; };
		64E329592B2807D7004DF6CE /* Assets.xcassets in Resources */ = {isa = PBXBuildFile; fileRef = 64E329582B2807D7004DF6CE /* Assets.xcassets */; };
		64E3295C2B2807D7004DF6CE /* Preview Assets.xcassets in Resources */ = {isa = PBXBuildFile; fileRef = 64E3295B2B2807D7004DF6CE /* Preview Assets.xcassets */; };
		64E329662B2807D7004DF6CE /* swiftui_extensionsTests.swift in Sources */ = {isa = PBXBuildFile; fileRef = 64E329652B2807D7004DF6CE /* swiftui_extensionsTests.swift */; };
		64E329702B2807D7004DF6CE /* swiftui_extensionsUITests.swift in Sources */ = {isa = PBXBuildFile; fileRef = 64E3296F2B2807D7004DF6CE /* swiftui_extensionsUITests.swift */; };
		64E329722B2807D7004DF6CE /* swiftui_extensionsUITestsLaunchTests.swift in Sources */ = {isa = PBXBuildFile; fileRef = 64E329712B2807D7004DF6CE /* swiftui_extensionsUITestsLaunchTests.swift */; };
/* End PBXBuildFile section */

/* Begin PBXContainerItemProxy section */
		64E329622B2807D7004DF6CE /* PBXContainerItemProxy */ = {
			isa = PBXContainerItemProxy;
			containerPortal = 64E329492B2807D6004DF6CE /* Project object */;
			proxyType = 1;
			remoteGlobalIDString = 64E329502B2807D6004DF6CE;
			remoteInfo = "swiftui-extensions";
		};
		64E3296C2B2807D7004DF6CE /* PBXContainerItemProxy */ = {
			isa = PBXContainerItemProxy;
			containerPortal = 64E329492B2807D6004DF6CE /* Project object */;
			proxyType = 1;
			remoteGlobalIDString = 64E329502B2807D6004DF6CE;
			remoteInfo = "swiftui-extensions";
		};
/* End PBXContainerItemProxy section */

/* Begin PBXFileReference section */
		64E329512B2807D6004DF6CE /* swiftui-extensions.app */ = {isa = PBXFileReference; explicitFileType = wrapper.application; includeInIndex = 0; path = "swiftui-extensions.app"; sourceTree = BUILT_PRODUCTS_DIR; };
		64E329542B2807D6004DF6CE /* swiftui_extensionsApp.swift */ = {isa = PBXFileReference; lastKnownFileType = sourcecode.swift; path = swiftui_extensionsApp.swift; sourceTree = "<group>"; };
		64E329562B2807D6004DF6CE /* ContentView.swift */ = {isa = PBXFileReference; lastKnownFileType = sourcecode.swift; path = ContentView.swift; sourceTree = "<group>"; };
		64E329582B2807D7004DF6CE /* Assets.xcassets */ = {isa = PBXFileReference; lastKnownFileType = folder.assetcatalog; path = Assets.xcassets; sourceTree = "<group>"; };
		64E3295B2B2807D7004DF6CE /* Preview Assets.xcassets */ = {isa = PBXFileReference; lastKnownFileType = folder.assetcatalog; path = "Preview Assets.xcassets"; sourceTree = "<group>"; };
		64E329612B2807D7004DF6CE /* swiftui-extensionsTests.xctest */ = {isa = PBXFileReference; explicitFileType = wrapper.cfbundle; includeInIndex = 0; path = "swiftui-extensionsTests.xctest"; sourceTree = BUILT_PRODUCTS_DIR; };
		64E329652B2807D7004DF6CE /* swiftui_extensionsTests.swift */ = {isa = PBXFileReference; lastKnownFileType = sourcecode.swift; path = swiftui_extensionsTests.swift; sourceTree = "<group>"; };
		64E3296B2B2807D7004DF6CE /* swiftui-extensionsUITests.xctest */ = {isa = PBXFileReference; explicitFileType = wrapper.cfbundle; includeInIndex = 0; path = "swiftui-extensionsUITests.xctest"; sourceTree = BUILT_PRODUCTS_DIR; };
		64E3296F2B2807D7004DF6CE /* swiftui_extensionsUITests.swift */ = {isa = PBXFileReference; lastKnownFileType = sourcecode.swift; path = swiftui_extensionsUITests.swift; sourceTree = "<group>"; };
		64E329712B2807D7004DF6CE /* swiftui_extensionsUITestsLaunchTests.swift */ = {isa = PBXFileReference; lastKnownFileType = sourcecode.swift; path = swiftui_extensionsUITestsLaunchTests.swift; sourceTree = "<group>"; };
/* End PBXFileReference section */

/* Begin PBXFrameworksBuildPhase section */
		64E3294E2B2807D6004DF6CE /* Frameworks */ = {
			isa = PBXFrameworksBuildPhase;
			buildActionMask = 2147483647;
			files = (
			);
			runOnlyForDeploymentPostprocessing = 0;
		};
		64E3295E2B2807D7004DF6CE /* Frameworks */ = {
			isa = PBXFrameworksBuildPhase;
			buildActionMask = 2147483647;
			files = (
			);
			runOnlyForDeploymentPostprocessing = 0;
		};
		64E329682B2807D7004DF6CE /* Frameworks */ = {
			isa = PBXFrameworksBuildPhase;
			buildActionMask = 2147483647;
			files = (
			);
			runOnlyForDeploymentPostprocessing = 0;
		};
/* End PBXFrameworksBuildPhase section */

/* Begin PBXGroup section */
		64E329482B2807D6004DF6CE = {
			isa = PBXGroup;
			children = (
				64E329532B2807D6004DF6CE /* swiftui-extensions */,
				64E329642B2807D7004DF6CE /* swiftui-extensionsTests */,
				64E3296E2B2807D7004DF6CE /* swiftui-extensionsUITests */,
				64E329522B2807D6004DF6CE /* Products */,
			);
			sourceTree = "<group>";
		};
		64E329522B2807D6004DF6CE /* Products */ = {
			isa = PBXGroup;
			children = (
				64E329512B2807D6004DF6CE /* swiftui-extensions.app */,
				64E329612B2807D7004DF6CE /* swiftui-extensionsTests.xctest */,
				64E3296B2B2807D7004DF6CE /* swiftui-extensionsUITests.xctest */,
			);
			name = Products;
			sourceTree = "<group>";
		};
		64E329532B2807D6004DF6CE /* swiftui-extensions */ = {
			isa = PBXGroup;
			children = (
				64E329542B2807D6004DF6CE /* swiftui_extensionsApp.swift */,
				64E329562B2807D6004DF6CE /* ContentView.swift */,
				64E329582B2807D7004DF6CE /* Assets.xcassets */,
				64E3295A2B2807D7004DF6CE /* Preview Content */,
			);
			path = "swiftui-extensions";
			sourceTree = "<group>";
		};
		64E3295A2B2807D7004DF6CE /* Preview Content */ = {
			isa = PBXGroup;
			children = (
				64E3295B2B2807D7004DF6CE /* Preview Assets.xcassets */,
			);
			path = "Preview Content";
			sourceTree = "<group>";
		};
		64E329642B2807D7004DF6CE /* swiftui-extensionsTests */ = {
			isa = PBXGroup;
			children = (
				64E329652B2807D7004DF6CE /* swiftui_extensionsTests.swift */,
			);
			path = "swiftui-extensionsTests";
			sourceTree = "<group>";
		};
		64E3296E2B2807D7004DF6CE /* swiftui-extensionsUITests */ = {
			isa = PBXGroup;
			children = (
				64E3296F2B2807D7004DF6CE /* swiftui_extensionsUITests.swift */,
				64E329712B2807D7004DF6CE /* swiftui_extensionsUITestsLaunchTests.swift */,
			);
			path = "swiftui-extensionsUITests";
			sourceTree = "<group>";
		};
/* End PBXGroup section */

/* Begin PBXNativeTarget section */
		64E329502B2807D6004DF6CE /* swiftui-extensions */ = {
			isa = PBXNativeTarget;
			buildConfigurationList = 64E329752B2807D7004DF6CE /* Build configuration list for PBXNativeTarget "swiftui-extensions" */;
			buildPhases = (
				64E3294D2B2807D6004DF6CE /* Sources */,
				64E3294E2B2807D6004DF6CE /* Frameworks */,
				64E3294F2B2807D6004DF6CE /* Resources */,
			);
			buildRules = (
			);
			dependencies = (
			);
			name = "swiftui-extensions";
			productName = "swiftui-extensions";
			productReference = 64E329512B2807D6004DF6CE /* swiftui-extensions.app */;
			productType = "com.apple.product-type.application";
		};
		64E329602B2807D7004DF6CE /* swiftui-extensionsTests */ = {
			isa = PBXNativeTarget;
			buildConfigurationList = 64E329782B2807D7004DF6CE /* Build configuration list for PBXNativeTarget "swiftui-extensionsTests" */;
			buildPhases = (
				64E3295D2B2807D7004DF6CE /* Sources */,
				64E3295E2B2807D7004DF6CE /* Frameworks */,
				64E3295F2B2807D7004DF6CE /* Resources */,
			);
			buildRules = (
			);
			dependencies = (
				64E329632B2807D7004DF6CE /* PBXTargetDependency */,
			);
			name = "swiftui-extensionsTests";
			productName = "swiftui-extensionsTests";
			productReference = 64E329612B2807D7004DF6CE /* swiftui-extensionsTests.xctest */;
			productType = "com.apple.product-type.bundle.unit-test";
		};
		64E3296A2B2807D7004DF6CE /* swiftui-extensionsUITests */ = {
			isa = PBXNativeTarget;
			buildConfigurationList = 64E3297B2B2807D7004DF6CE /* Build configuration list for PBXNativeTarget "swiftui-extensionsUITests" */;
			buildPhases = (
				64E329672B2807D7004DF6CE /* Sources */,
				64E329682B2807D7004DF6CE /* Frameworks */,
				64E329692B2807D7004DF6CE /* Resources */,
			);
			buildRules = (
			);
			dependencies = (
				64E3296D2B2807D7004DF6CE /* PBXTargetDependency */,
			);
			name = "swiftui-extensionsUITests";
			productName = "swiftui-extensionsUITests";
			productReference = 64E3296B2B2807D7004DF6CE /* swiftui-extensionsUITests.xctest */;
			productType = "com.apple.product-type.bundle.ui-testing";
		};
/* End PBXNativeTarget section */

/* Begin PBXProject section */
		64E329492B2807D6004DF6CE /* Project object */ = {
			isa = PBXProject;
			attributes = {
				BuildIndependentTargetsInParallel = 1;
				LastSwiftUpdateCheck = 1500;
				LastUpgradeCheck = 1500;
				TargetAttributes = {
					64E329502B2807D6004DF6CE = {
						CreatedOnToolsVersion = 15.0.1;
					};
					64E329602B2807D7004DF6CE = {
						CreatedOnToolsVersion = 15.0.1;
						TestTargetID = 64E329502B2807D6004DF6CE;
					};
					64E3296A2B2807D7004DF6CE = {
						CreatedOnToolsVersion = 15.0.1;
						TestTargetID = 64E329502B2807D6004DF6CE;
					};
				};
			};
			buildConfigurationList = 64E3294C2B2807D6004DF6CE /* Build configuration list for PBXProject "swiftui-extensions" */;
			compatibilityVersion = "Xcode 14.0";
			developmentRegion = en;
			hasScannedForEncodings = 0;
			knownRegions = (
				en,
				Base,
			);
			mainGroup = 64E329482B2807D6004DF6CE;
			productRefGroup = 64E329522B2807D6004DF6CE /* Products */;
			projectDirPath = "";
			projectRoot = "";
			targets = (
				64E329502B2807D6004DF6CE /* swiftui-extensions */,
				64E329602B2807D7004DF6CE /* swiftui-extensionsTests */,
				64E3296A2B2807D7004DF6CE /* swiftui-extensionsUITests */,
			);
		};
/* End PBXProject section */

/* Begin PBXResourcesBuildPhase section */
		64E3294F2B2807D6004DF6CE /* Resources */ = {
			isa = PBXResourcesBuildPhase;
			buildActionMask = 2147483647;
			files = (
				64E3295C2B2807D7004DF6CE /* Preview Assets.xcassets in Resources */,
				64E329592B2807D7004DF6CE /* Assets.xcassets in Resources */,
			);
			runOnlyForDeploymentPostprocessing = 0;
		};
		64E3295F2B2807D7004DF6CE /* Resources */ = {
			isa = PBXResourcesBuildPhase;
			buildActionMask = 2147483647;
			files = (
			);
			runOnlyForDeploymentPostprocessing = 0;
		};
		64E329692B2807D7004DF6CE /* Resources */ = {
			isa = PBXResourcesBuildPhase;
			buildActionMask = 2147483647;
			files = (
			);
			runOnlyForDeploymentPostprocessing = 0;
		};
/* End PBXResourcesBuildPhase section */

/* Begin PBXSourcesBuildPhase section */
		64E3294D2B2807D6004DF6CE /* Sources */ = {
			isa = PBXSourcesBuildPhase;
			buildActionMask = 2147483647;
			files = (
				64E329572B2807D6004DF6CE /* ContentView.swift in Sources */,
				64E329552B2807D6004DF6CE /* swiftui_extensionsApp.swift in Sources */,
			);
			runOnlyForDeploymentPostprocessing = 0;
		};
		64E3295D2B2807D7004DF6CE /* Sources */ = {
			isa = PBXSourcesBuildPhase;
			buildActionMask = 2147483647;
			files = (
				64E329662B2807D7004DF6CE /* swiftui_extensionsTests.swift in Sources */,
			);
			runOnlyForDeploymentPostprocessing = 0;
		};
		64E329672B2807D7004DF6CE /* Sources */ = {
			isa = PBXSourcesBuildPhase;
			buildActionMask = 2147483647;
			files = (
				64E329722B2807D7004DF6CE /* swiftui_extensionsUITestsLaunchTests.swift in Sources */,
				64E329702B2807D7004DF6CE /* swiftui_extensionsUITests.swift in Sources */,
			);
			runOnlyForDeploymentPostprocessing = 0;
		};
/* End PBXSourcesBuildPhase section */

/* Begin PBXTargetDependency section */
		64E329632B2807D7004DF6CE /* PBXTargetDependency */ = {
			isa = PBXTargetDependency;
			target = 64E329502B2807D6004DF6CE /* swiftui-extensions */;
			targetProxy = 64E329622B2807D7004DF6CE /* PBXContainerItemProxy */;
		};
		64E3296D2B2807D7004DF6CE /* PBXTargetDependency */ = {
			isa = PBXTargetDependency;
			target = 64E329502B2807D6004DF6CE /* swiftui-extensions */;
			targetProxy = 64E3296C2B2807D7004DF6CE /* PBXContainerItemProxy */;
		};
/* End PBXTargetDependency section */

/* Begin XCBuildConfiguration section */
		64E329732B2807D7004DF6CE /* Debug */ = {
			isa = XCBuildConfiguration;
			buildSettings = {
				ALWAYS_SEARCH_USER_PATHS = NO;
				ASSETCATALOG_COMPILER_GENERATE_SWIFT_ASSET_SYMBOL_EXTENSIONS = YES;
				CLANG_ANALYZER_NONNULL = YES;
				CLANG_ANALYZER_NUMBER_OBJECT_CONVERSION = YES_AGGRESSIVE;
				CLANG_CXX_LANGUAGE_STANDARD = "gnu++20";
				CLANG_ENABLE_MODULES = YES;
				CLANG_ENABLE_OBJC_ARC = YES;
				CLANG_ENABLE_OBJC_WEAK = YES;
				CLANG_WARN_BLOCK_CAPTURE_AUTORELEASING = YES;
				CLANG_WARN_BOOL_CONVERSION = YES;
				CLANG_WARN_COMMA = YES;
				CLANG_WARN_CONSTANT_CONVERSION = YES;
				CLANG_WARN_DEPRECATED_OBJC_IMPLEMENTATIONS = YES;
				CLANG_WARN_DIRECT_OBJC_ISA_USAGE = YES_ERROR;
				CLANG_WARN_DOCUMENTATION_COMMENTS = YES;
				CLANG_WARN_EMPTY_BODY = YES;
				CLANG_WARN_ENUM_CONVERSION = YES;
				CLANG_WARN_INFINITE_RECURSION = YES;
				CLANG_WARN_INT_CONVERSION = YES;
				CLANG_WARN_NON_LITERAL_NULL_CONVERSION = YES;
				CLANG_WARN_OBJC_IMPLICIT_RETAIN_SELF = YES;
				CLANG_WARN_OBJC_LITERAL_CONVERSION = YES;
				CLANG_WARN_OBJC_ROOT_CLASS = YES_ERROR;
				CLANG_WARN_QUOTED_INCLUDE_IN_FRAMEWORK_HEADER = YES;
				CLANG_WARN_RANGE_LOOP_ANALYSIS = YES;
				CLANG_WARN_STRICT_PROTOTYPES = YES;
				CLANG_WARN_SUSPICIOUS_MOVE = YES;
				CLANG_WARN_UNGUARDED_AVAILABILITY = YES_AGGRESSIVE;
				CLANG_WARN_UNREACHABLE_CODE = YES;
				CLANG_WARN__DUPLICATE_METHOD_MATCH = YES;
				COPY_PHASE_STRIP = NO;
				DEBUG_INFORMATION_FORMAT = dwarf;
				ENABLE_STRICT_OBJC_MSGSEND = YES;
				ENABLE_TESTABILITY = YES;
				ENABLE_USER_SCRIPT_SANDBOXING = YES;
				GCC_C_LANGUAGE_STANDARD = gnu17;
				GCC_DYNAMIC_NO_PIC = NO;
				GCC_NO_COMMON_BLOCKS = YES;
				GCC_OPTIMIZATION_LEVEL = 0;
				GCC_PREPROCESSOR_DEFINITIONS = (
					"DEBUG=1",
					"$(inherited)",
				);
				GCC_WARN_64_TO_32_BIT_CONVERSION = YES;
				GCC_WARN_ABOUT_RETURN_TYPE = YES_ERROR;
				GCC_WARN_UNDECLARED_SELECTOR = YES;
				GCC_WARN_UNINITIALIZED_AUTOS = YES_AGGRESSIVE;
				GCC_WARN_UNUSED_FUNCTION = YES;
				GCC_WARN_UNUSED_VARIABLE = YES;
				IPHONEOS_DEPLOYMENT_TARGET = 17.0;
				LOCALIZATION_PREFERS_STRING_CATALOGS = YES;
				MTL_ENABLE_DEBUG_INFO = INCLUDE_SOURCE;
				MTL_FAST_MATH = YES;
				ONLY_ACTIVE_ARCH = YES;
				SDKROOT = iphoneos;
				SWIFT_ACTIVE_COMPILATION_CONDITIONS = "DEBUG $(inherited)";
				SWIFT_OPTIMIZATION_LEVEL = "-Onone";
			};
			name = Debug;
		};
		64E329742B2807D7004DF6CE /* Release */ = {
			isa = XCBuildConfiguration;
			buildSettings = {
				ALWAYS_SEARCH_USER_PATHS = NO;
				ASSETCATALOG_COMPILER_GENERATE_SWIFT_ASSET_SYMBOL_EXTENSIONS = YES;
				CLANG_ANALYZER_NONNULL = YES;
				CLANG_ANALYZER_NUMBER_OBJECT_CONVERSION = YES_AGGRESSIVE;
				CLANG_CXX_LANGUAGE_STANDARD = "gnu++20";
				CLANG_ENABLE_MODULES = YES;
				CLANG_ENABLE_OBJC_ARC = YES;
				CLANG_ENABLE_OBJC_WEAK = YES;
				CLANG_WARN_BLOCK_CAPTURE_AUTORELEASING = YES;
				CLANG_WARN_BOOL_CONVERSION = YES;
				CLANG_WARN_COMMA = YES;
				CLANG_WARN_CONSTANT_CONVERSION = YES;
				CLANG_WARN_DEPRECATED_OBJC_IMPLEMENTATIONS = YES;
				CLANG_WARN_DIRECT_OBJC_ISA_USAGE = YES_ERROR;
				CLANG_WARN_DOCUMENTATION_COMMENTS = YES;
				CLANG_WARN_EMPTY_BODY = YES;
				CLANG_WARN_ENUM_CONVERSION = YES;
				CLANG_WARN_INFINITE_RECURSION = YES;
				CLANG_WARN_INT_CONVERSION = YES;
				CLANG_WARN_NON_LITERAL_NULL_CONVERSION = YES;
				CLANG_WARN_OBJC_IMPLICIT_RETAIN_SELF = YES;
				CLANG_WARN_OBJC_LITERAL_CONVERSION = YES;
				CLANG_WARN_OBJC_ROOT_CLASS = YES_ERROR;
				CLANG_WARN_QUOTED_INCLUDE_IN_FRAMEWORK_HEADER = YES;
				CLANG_WARN_RANGE_LOOP_ANALYSIS = YES;
				CLANG_WARN_STRICT_PROTOTYPES = YES;
				CLANG_WARN_SUSPICIOUS_MOVE = YES;
				CLANG_WARN_UNGUARDED_AVAILABILITY = YES_AGGRESSIVE;
				CLANG_WARN_UNREACHABLE_CODE = YES;
				CLANG_WARN__DUPLICATE_METHOD_MATCH = YES;
				COPY_PHASE_STRIP = NO;
				DEBUG_INFORMATION_FORMAT = "dwarf-with-dsym";
				ENABLE_NS_ASSERTIONS = NO;
				ENABLE_STRICT_OBJC_MSGSEND = YES;
				ENABLE_USER_SCRIPT_SANDBOXING = YES;
				GCC_C_LANGUAGE_STANDARD = gnu17;
				GCC_NO_COMMON_BLOCKS = YES;
				GCC_WARN_64_TO_32_BIT_CONVERSION = YES;
				GCC_WARN_ABOUT_RETURN_TYPE = YES_ERROR;
				GCC_WARN_UNDECLARED_SELECTOR = YES;
				GCC_WARN_UNINITIALIZED_AUTOS = YES_AGGRESSIVE;
				GCC_WARN_UNUSED_FUNCTION = YES;
				GCC_WARN_UNUSED_VARIABLE = YES;
				IPHONEOS_DEPLOYMENT_TARGET = 17.0;
				LOCALIZATION_PREFERS_STRING_CATALOGS = YES;
				MTL_ENABLE_DEBUG_INFO = NO;
				MTL_FAST_MATH = YES;
				SDKROOT = iphoneos;
				SWIFT_COMPILATION_MODE = wholemodule;
				VALIDATE_PRODUCT = YES;
			};
			name = Release;
		};
		64E329762B2807D7004DF6CE /* Debug */ = {
			isa = XCBuildConfiguration;
			buildSettings = {
				ASSETCATALOG_COMPILER_APPICON_NAME = AppIcon;
				ASSETCATALOG_COMPILER_GLOBAL_ACCENT_COLOR_NAME = AccentColor;
				CODE_SIGN_STYLE = Automatic;
				CURRENT_PROJECT_VERSION = 1;
				DEVELOPMENT_ASSET_PATHS = "\"swiftui-extensions/Preview Content\"";
				ENABLE_PREVIEWS = YES;
				GENERATE_INFOPLIST_FILE = YES;
				INFOPLIST_KEY_UIApplicationSceneManifest_Generation = YES;
				INFOPLIST_KEY_UIApplicationSupportsIndirectInputEvents = YES;
				INFOPLIST_KEY_UILaunchScreen_Generation = YES;
				INFOPLIST_KEY_UISupportedInterfaceOrientations_iPad = "UIInterfaceOrientationPortrait UIInterfaceOrientationPortraitUpsideDown UIInterfaceOrientationLandscapeLeft UIInterfaceOrientationLandscapeRight";
				INFOPLIST_KEY_UISupportedInterfaceOrientations_iPhone = "UIInterfaceOrientationPortrait UIInterfaceOrientationLandscapeLeft UIInterfaceOrientationLandscapeRight";
				LD_RUNPATH_SEARCH_PATHS = (
					"$(inherited)",
					"@executable_path/Frameworks",
				);
				MARKETING_VERSION = 1.0;
				PRODUCT_BUNDLE_IDENTIFIER = "com.mjn2max.swiftui-extensions";
				PRODUCT_NAME = "$(TARGET_NAME)";
				SWIFT_EMIT_LOC_STRINGS = YES;
				SWIFT_VERSION = 5.0;
				TARGETED_DEVICE_FAMILY = "1,2";
			};
			name = Debug;
		};
		64E329772B2807D7004DF6CE /* Release */ = {
			isa = XCBuildConfiguration;
			buildSettings = {
				ASSETCATALOG_COMPILER_APPICON_NAME = AppIcon;
				ASSETCATALOG_COMPILER_GLOBAL_ACCENT_COLOR_NAME = AccentColor;
				CODE_SIGN_STYLE = Automatic;
				CURRENT_PROJECT_VERSION = 1;
				DEVELOPMENT_ASSET_PATHS = "\"swiftui-extensions/Preview Content\"";
				ENABLE_PREVIEWS = YES;
				GENERATE_INFOPLIST_FILE = YES;
				INFOPLIST_KEY_UIApplicationSceneManifest_Generation = YES;
				INFOPLIST_KEY_UIApplicationSupportsIndirectInputEvents = YES;
				INFOPLIST_KEY_UILaunchScreen_Generation = YES;
				INFOPLIST_KEY_UISupportedInterfaceOrientations_iPad = "UIInterfaceOrientationPortrait UIInterfaceOrientationPortraitUpsideDown UIInterfaceOrientationLandscapeLeft UIInterfaceOrientationLandscapeRight";
				INFOPLIST_KEY_UISupportedInterfaceOrientations_iPhone = "UIInterfaceOrientationPortrait UIInterfaceOrientationLandscapeLeft UIInterfaceOrientationLandscapeRight";
				LD_RUNPATH_SEARCH_PATHS = (
					"$(inherited)",
					"@executable_path/Frameworks",
				);
				MARKETING_VERSION = 1.0;
				PRODUCT_BUNDLE_IDENTIFIER = "com.mjn2max.swiftui-extensions";
				PRODUCT_NAME = "$(TARGET_NAME)";
				SWIFT_EMIT_LOC_STRINGS = YES;
				SWIFT_VERSION = 5.0;
				TARGETED_DEVICE_FAMILY = "1,2";
			};
			name = Release;
		};
		64E329792B2807D7004DF6CE /* Debug */ = {
			isa = XCBuildConfiguration;
			buildSettings = {
				ALWAYS_EMBED_SWIFT_STANDARD_LIBRARIES = YES;
				BUNDLE_LOADER = "$(TEST_HOST)";
				CODE_SIGN_STYLE = Automatic;
				CURRENT_PROJECT_VERSION = 1;
				GENERATE_INFOPLIST_FILE = YES;
				IPHONEOS_DEPLOYMENT_TARGET = 17.0;
				MARKETING_VERSION = 1.0;
				PRODUCT_BUNDLE_IDENTIFIER = "com.mjn2max.swiftui-extensionsTests";
				PRODUCT_NAME = "$(TARGET_NAME)";
				SWIFT_EMIT_LOC_STRINGS = NO;
				SWIFT_VERSION = 5.0;
				TARGETED_DEVICE_FAMILY = "1,2";
				TEST_HOST = "$(BUILT_PRODUCTS_DIR)/swiftui-extensions.app/$(BUNDLE_EXECUTABLE_FOLDER_PATH)/swiftui-extensions";
			};
			name = Debug;
		};
		64E3297A2B2807D7004DF6CE /* Release */ = {
			isa = XCBuildConfiguration;
			buildSettings = {
				ALWAYS_EMBED_SWIFT_STANDARD_LIBRARIES = YES;
				BUNDLE_LOADER = "$(TEST_HOST)";
				CODE_SIGN_STYLE = Automatic;
				CURRENT_PROJECT_VERSION = 1;
				GENERATE_INFOPLIST_FILE = YES;
				IPHONEOS_DEPLOYMENT_TARGET = 17.0;
				MARKETING_VERSION = 1.0;
				PRODUCT_BUNDLE_IDENTIFIER = "com.mjn2max.swiftui-extensionsTests";
				PRODUCT_NAME = "$(TARGET_NAME)";
				SWIFT_EMIT_LOC_STRINGS = NO;
				SWIFT_VERSION = 5.0;
				TARGETED_DEVICE_FAMILY = "1,2";
				TEST_HOST = "$(BUILT_PRODUCTS_DIR)/swiftui-extensions.app/$(BUNDLE_EXECUTABLE_FOLDER_PATH)/swiftui-extensions";
			};
			name = Release;
		};
		64E3297C2B2807D7004DF6CE /* Debug */ = {
			isa = XCBuildConfiguration;
			buildSettings = {
				ALWAYS_EMBED_SWIFT_STANDARD_LIBRARIES = YES;
				CODE_SIGN_STYLE = Automatic;
				CURRENT_PROJECT_VERSION = 1;
				GENERATE_INFOPLIST_FILE = YES;
				MARKETING_VERSION = 1.0;
				PRODUCT_BUNDLE_IDENTIFIER = "com.mjn2max.swiftui-extensionsUITests";
				PRODUCT_NAME = "$(TARGET_NAME)";
				SWIFT_EMIT_LOC_STRINGS = NO;
				SWIFT_VERSION = 5.0;
				TARGETED_DEVICE_FAMILY = "1,2";
				TEST_TARGET_NAME = "swiftui-extensions";
			};
			name = Debug;
		};
		64E3297D2B2807D7004DF6CE /* Release */ = {
			isa = XCBuildConfiguration;
			buildSettings = {
				ALWAYS_EMBED_SWIFT_STANDARD_LIBRARIES = YES;
				CODE_SIGN_STYLE = Automatic;
				CURRENT_PROJECT_VERSION = 1;
				GENERATE_INFOPLIST_FILE = YES;
				MARKETING_VERSION = 1.0;
				PRODUCT_BUNDLE_IDENTIFIER = "com.mjn2max.swiftui-extensionsUITests";
				PRODUCT_NAME = "$(TARGET_NAME)";
				SWIFT_EMIT_LOC_STRINGS = NO;
				SWIFT_VERSION = 5.0;
				TARGETED_DEVICE_FAMILY = "1,2";
				TEST_TARGET_NAME = "swiftui-extensions";
			};
			name = Release;
		};
/* End XCBuildConfiguration section */

/* Begin XCConfigurationList section */
		64E3294C2B2807D6004DF6CE /* Build configuration list for PBXProject "swiftui-extensions" */ = {
			isa = XCConfigurationList;
			buildConfigurations = (
				64E329732B2807D7004DF6CE /* Debug */,
				64E329742B2807D7004DF6CE /* Release */,
			);
			defaultConfigurationIsVisible = 0;
			defaultConfigurationName = Release;
		};
		64E329752B2807D7004DF6CE /* Build configuration list for PBXNativeTarget "swiftui-extensions" */ = {
			isa = XCConfigurationList;
			buildConfigurations = (
				64E329762B2807D7004DF6CE /* Debug */,
				64E329772B2807D7004DF6CE /* Release */,
			);
			defaultConfigurationIsVisible = 0;
			defaultConfigurationName = Release;
		};
		64E329782B2807D7004DF6CE /* Build configuration list for PBXNativeTarget "swiftui-extensionsTests" */ = {
			isa = XCConfigurationList;
			buildConfigurations = (
				64E329792B2807D7004DF6CE /* Debug */,
				64E3297A2B2807D7004DF6CE /* Release */,
			);
			defaultConfigurationIsVisible = 0;
			defaultConfigurationName = Release;
		};
		64E3297B2B2807D7004DF6CE /* Build configuration list for PBXNativeTarget "swiftui-extensionsUITests" */ = {
			isa = XCConfigurationList;
			buildConfigurations = (
				64E3297C2B2807D7004DF6CE /* Debug */,
				64E3297D2B2807D7004DF6CE /* Release */,
			);
			defaultConfigurationIsVisible = 0;
			defaultConfigurationName = Release;
		};
/* End XCConfigurationList section */
	};
	rootObject = 64E329492B2807D6004DF6CE /* Project object */;
}
